
Microsoft Visual Studio Solution File, Format Version 12.00
# Visual Studio Version 16
VisualStudioVersion = 16.0.30320.27
MinimumVisualStudioVersion = 10.0.40219.1
Project("{FAE04EC0-301F-11D3-BF4B-00C04F79EFBC}") = "Demo2.UWP", "Demo2\Demo2.UWP\Demo2.UWP.csproj", "{45C8A314-F6E0-4679-B2FE-B8AF410077E9}"
EndProject
Project("{FAE04EC0-301F-11D3-BF4B-00C04F79EFBC}") = "Demo2.Android", "Demo2\Demo2.Android\Demo2.Android.csproj", "{D33BAADE-3FC4-48AA-BEC7-B92D260469C7}"
EndProject
Project("{FAE04EC0-301F-11D3-BF4B-00C04F79EFBC}") = "Demo2.iOS", "Demo2\Demo2.iOS\Demo2.iOS.csproj", "{A59A5F13-FE05-4FC0-A745-5F1F1C94E90D}"
EndProject
Project("{FAE04EC0-301F-11D3-BF4B-00C04F79EFBC}") = "Demo2", "Demo2\Demo2\Demo2.csproj", "{EC415616-C13D-4D93-B675-769100F99A2F}"
EndProject
Global
	GlobalSection(SolutionConfigurationPlatforms) = preSolution
		Debug|Any CPU = Debug|Any CPU
		Debug|ARM = Debug|ARM
		Debug|iPhone = Debug|iPhone
		Debug|iPhoneSimulator = Debug|iPhoneSimulator
		Debug|x64 = Debug|x64
		Debug|x86 = Debug|x86
		Release|Any CPU = Release|Any CPU
		Release|ARM = Release|ARM
		Release|iPhone = Release|iPhone
		Release|iPhoneSimulator = Release|iPhoneSimulator
		Release|x64 = Release|x64
		Release|x86 = Release|x86
	EndGlobalSection
	GlobalSection(ProjectConfigurationPlatforms) = postSolution
		{45C8A314-F6E0-4679-B2FE-B8AF410077E9}.Debug|Any CPU.ActiveCfg = Debug|x86
		{45C8A314-F6E0-4679-B2FE-B8AF410077E9}.Debug|Any CPU.Build.0 = Debug|x86
		{45C8A314-F6E0-4679-B2FE-B8AF410077E9}.Debug|Any CPU.Deploy.0 = Debug|x86
		{45C8A314-F6E0-4679-B2FE-B8AF410077E9}.Debug|ARM.ActiveCfg = Debug|ARM
		{45C8A314-F6E0-4679-B2FE-B8AF410077E9}.Debug|ARM.Build.0 = Debug|ARM
		{45C8A314-F6E0-4679-B2FE-B8AF410077E9}.Debug|ARM.Deploy.0 = Debug|ARM
		{45C8A314-F6E0-4679-B2FE-B8AF410077E9}.Debug|iPhone.ActiveCfg = Debug|x86
		{45C8A314-F6E0-4679-B2FE-B8AF410077E9}.Debug|iPhone.Build.0 = Debug|x86
		{45C8A314-F6E0-4679-B2FE-B8AF410077E9}.Debug|iPhone.Deploy.0 = Debug|x86
		{45C8A314-F6E0-4679-B2FE-B8AF410077E9}.Debug|iPhoneSimulator.ActiveCfg = Debug|x86
		{45C8A314-F6E0-4679-B2FE-B8AF410077E9}.Debug|iPhoneSimulator.Build.0 = Debug|x86
		{45C8A314-F6E0-4679-B2FE-B8AF410077E9}.Debug|iPhoneSimulator.Deploy.0 = Debug|x86
		{45C8A314-F6E0-4679-B2FE-B8AF410077E9}.Debug|x64.ActiveCfg = Debug|x64
		{45C8A314-F6E0-4679-B2FE-B8AF410077E9}.Debug|x64.Build.0 = Debug|x64
		{45C8A314-F6E0-4679-B2FE-B8AF410077E9}.Debug|x64.Deploy.0 = Debug|x64
		{45C8A314-F6E0-4679-B2FE-B8AF410077E9}.Debug|x86.ActiveCfg = Debug|x86
		{45C8A314-F6E0-4679-B2FE-B8AF410077E9}.Debug|x86.Build.0 = Debug|x86
		{45C8A314-F6E0-4679-B2FE-B8AF410077E9}.Debug|x86.Deploy.0 = Debug|x86
		{45C8A314-F6E0-4679-B2FE-B8AF410077E9}.Release|Any CPU.ActiveCfg = Release|x86
		{45C8A314-F6E0-4679-B2FE-B8AF410077E9}.Release|Any CPU.Build.0 = Release|x86
		{45C8A314-F6E0-4679-B2FE-B8AF410077E9}.Release|Any CPU.Deploy.0 = Release|x86
		{45C8A314-F6E0-4679-B2FE-B8AF410077E9}.Release|ARM.ActiveCfg = Release|ARM
		{45C8A314-F6E0-4679-B2FE-B8AF410077E9}.Release|ARM.Build.0 = Release|ARM
		{45C8A314-F6E0-4679-B2FE-B8AF410077E9}.Release|ARM.Deploy.0 = Release|ARM
		{45C8A314-F6E0-4679-B2FE-B8AF410077E9}.Release|iPhone.ActiveCfg = Release|x86
		{45C8A314-F6E0-4679-B2FE-B8AF410077E9}.Release|iPhone.Build.0 = Release|x86
		{45C8A314-F6E0-4679-B2FE-B8AF410077E9}.Release|iPhone.Deploy.0 = Release|x86
		{45C8A314-F6E0-4679-B2FE-B8AF410077E9}.Release|iPhoneSimulator.ActiveCfg = Release|x86
		{45C8A314-F6E0-4679-B2FE-B8AF410077E9}.Release|iPhoneSimulator.Build.0 = Release|x86
		{45C8A314-F6E0-4679-B2FE-B8AF410077E9}.Release|iPhoneSimulator.Deploy.0 = Release|x86
		{45C8A314-F6E0-4679-B2FE-B8AF410077E9}.Release|x64.ActiveCfg = Release|x64
		{45C8A314-F6E0-4679-B2FE-B8AF410077E9}.Release|x64.Build.0 = Release|x64
		{45C8A314-F6E0-4679-B2FE-B8AF410077E9}.Release|x64.Deploy.0 = Release|x64
		{45C8A314-F6E0-4679-B2FE-B8AF410077E9}.Release|x86.ActiveCfg = Release|x86
		{45C8A314-F6E0-4679-B2FE-B8AF410077E9}.Release|x86.Build.0 = Release|x86
		{45C8A314-F6E0-4679-B2FE-B8AF410077E9}.Release|x86.Deploy.0 = Release|x86
		{D33BAADE-3FC4-48AA-BEC7-B92D260469C7}.Debug|Any CPU.ActiveCfg = Debug|Any CPU
		{D33BAADE-3FC4-48AA-BEC7-B92D260469C7}.Debug|Any CPU.Build.0 = Debug|Any CPU
		{D33BAADE-3FC4-48AA-BEC7-B92D260469C7}.Debug|Any CPU.Deploy.0 = Debug|Any CPU
		{D33BAADE-3FC4-48AA-BEC7-B92D260469C7}.Debug|ARM.ActiveCfg = Debug|Any CPU
		{D33BAADE-3FC4-48AA-BEC7-B92D260469C7}.Debug|ARM.Build.0 = Debug|Any CPU
		{D33BAADE-3FC4-48AA-BEC7-B92D260469C7}.Debug|ARM.Deploy.0 = Debug|Any CPU
		{D33BAADE-3FC4-48AA-BEC7-B92D260469C7}.Debug|iPhone.ActiveCfg = Debug|Any CPU
		{D33BAADE-3FC4-48AA-BEC7-B92D260469C7}.Debug|iPhone.Build.0 = Debug|Any CPU
		{D33BAADE-3FC4-48AA-BEC7-B92D260469C7}.Debug|iPhone.Deploy.0 = Debug|Any CPU
		{D33BAADE-3FC4-48AA-BEC7-B92D260469C7}.Debug|iPhoneSimulator.ActiveCfg = Debug|Any CPU
		{D33BAADE-3FC4-48AA-BEC7-B92D260469C7}.Debug|iPhoneSimulator.Build.0 = Debug|Any CPU
		{D33BAADE-3FC4-48AA-BEC7-B92D260469C7}.Debug|iPhoneSimulator.Deploy.0 = Debug|Any CPU
		{D33BAADE-3FC4-48AA-BEC7-B92D260469C7}.Debug|x64.ActiveCfg = Debug|Any CPU
		{D33BAADE-3FC4-48AA-BEC7-B92D260469C7}.Debug|x64.Build.0 = Debug|Any CPU
		{D33BAADE-3FC4-48AA-BEC7-B92D260469C7}.Debug|x64.Deploy.0 = Debug|Any CPU
		{D33BAADE-3FC4-48AA-BEC7-B92D260469C7}.Debug|x86.ActiveCfg = Debug|Any CPU
		{D33BAADE-3FC4-48AA-BEC7-B92D260469C7}.Debug|x86.Build.0 = Debug|Any CPU
		{D33BAADE-3FC4-48AA-BEC7-B92D260469C7}.Debug|x86.Deploy.0 = Debug|Any CPU
		{D33BAADE-3FC4-48AA-BEC7-B92D260469C7}.Release|Any CPU.ActiveCfg = Release|Any CPU
		{D33BAADE-3FC4-48AA-BEC7-B92D260469C7}.Release|Any CPU.Build.0 = Release|Any CPU
		{D33BAADE-3FC4-48AA-BEC7-B92D260469C7}.Release|Any CPU.Deploy.0 = Release|Any CPU
		{D33BAADE-3FC4-48AA-BEC7-B92D260469C7}.Release|ARM.ActiveCfg = Release|Any CPU
		{D33BAADE-3FC4-48AA-BEC7-B92D260469C7}.Release|ARM.Build.0 = Release|Any CPU
		{D33BAADE-3FC4-48AA-BEC7-B92D260469C7}.Release|ARM.Deploy.0 = Release|Any CPU
		{D33BAADE-3FC4-48AA-BEC7-B92D260469C7}.Release|iPhone.ActiveCfg = Release|Any CPU
		{D33BAADE-3FC4-48AA-BEC7-B92D260469C7}.Release|iPhone.Build.0 = Release|Any CPU
		{D33BAADE-3FC4-48AA-BEC7-B92D260469C7}.Release|iPhone.Deploy.0 = Release|Any CPU
		{D33BAADE-3FC4-48AA-BEC7-B92D260469C7}.Release|iPhoneSimulator.ActiveCfg = Release|Any CPU
		{D33BAADE-3FC4-48AA-BEC7-B92D260469C7}.Release|iPhoneSimulator.Build.0 = Release|Any CPU
		{D33BAADE-3FC4-48AA-BEC7-B92D260469C7}.Release|iPhoneSimulator.Deploy.0 = Release|Any CPU
		{D33BAADE-3FC4-48AA-BEC7-B92D260469C7}.Release|x64.ActiveCfg = Release|Any CPU
		{D33BAADE-3FC4-48AA-BEC7-B92D260469C7}.Release|x64.Build.0 = Release|Any CPU
		{D33BAADE-3FC4-48AA-BEC7-B92D260469C7}.Release|x64.Deploy.0 = Release|Any CPU
		{D33BAADE-3FC4-48AA-BEC7-B92D260469C7}.Release|x86.ActiveCfg = Release|Any CPU
		{D33BAADE-3FC4-48AA-BEC7-B92D260469C7}.Release|x86.Build.0 = Release|Any CPU
		{D33BAADE-3FC4-48AA-BEC7-B92D260469C7}.Release|x86.Deploy.0 = Release|Any CPU
		{A59A5F13-FE05-4FC0-A745-5F1F1C94E90D}.Debug|Any CPU.ActiveCfg = Debug|iPhone
		{A59A5F13-FE05-4FC0-A745-5F1F1C94E90D}.Debug|Any CPU.Build.0 = Debug|iPhone
		{A59A5F13-FE05-4FC0-A745-5F1F1C94E90D}.Debug|Any CPU.Deploy.0 = Debug|iPhone
		{A59A5F13-FE05-4FC0-A745-5F1F1C94E90D}.Debug|ARM.ActiveCfg = Debug|iPhone
		{A59A5F13-FE05-4FC0-A745-5F1F1C94E90D}.Debug|ARM.Build.0 = Debug|iPhone
		{A59A5F13-FE05-4FC0-A745-5F1F1C94E90D}.Debug|ARM.Deploy.0 = Debug|iPhone
		{A59A5F13-FE05-4FC0-A745-5F1F1C94E90D}.Debug|iPhone.ActiveCfg = Debug|iPhone
		{A59A5F13-FE05-4FC0-A745-5F1F1C94E90D}.Debug|iPhone.Build.0 = Debug|iPhone
		{A59A5F13-FE05-4FC0-A745-5F1F1C94E90D}.Debug|iPhone.Deploy.0 = Debug|iPhone
		{A59A5F13-FE05-4FC0-A745-5F1F1C94E90D}.Debug|iPhoneSimulator.ActiveCfg = Debug|iPhoneSimulator
		{A59A5F13-FE05-4FC0-A745-5F1F1C94E90D}.Debug|iPhoneSimulator.Build.0 = Debug|iPhoneSimulator
		{A59A5F13-FE05-4FC0-A745-5F1F1C94E90D}.Debug|iPhoneSimulator.Deploy.0 = Debug|iPhoneSimulator
		{A59A5F13-FE05-4FC0-A745-5F1F1C94E90D}.Debug|x64.ActiveCfg = Debug|iPhone
		{A59A5F13-FE05-4FC0-A745-5F1F1C94E90D}.Debug|x64.Build.0 = Debug|iPhone
		{A59A5F13-FE05-4FC0-A745-5F1F1C94E90D}.Debug|x64.Deploy.0 = Debug|iPhone
		{A59A5F13-FE05-4FC0-A745-5F1F1C94E90D}.Debug|x86.ActiveCfg = Debug|iPhone
		{A59A5F13-FE05-4FC0-A745-5F1F1C94E90D}.Debug|x86.Build.0 = Debug|iPhone
		{A59A5F13-FE05-4FC0-A745-5F1F1C94E90D}.Debug|x86.Deploy.0 = Debug|iPhone
		{A59A5F13-FE05-4FC0-A745-5F1F1C94E90D}.Release|Any CPU.ActiveCfg = Release|iPhone
		{A59A5F13-FE05-4FC0-A745-5F1F1C94E90D}.Release|Any CPU.Build.0 = Release|iPhone
		{A59A5F13-FE05-4FC0-A745-5F1F1C94E90D}.Release|Any CPU.Deploy.0 = Release|iPhone
		{A59A5F13-FE05-4FC0-A745-5F1F1C94E90D}.Release|ARM.ActiveCfg = Release|iPhone
		{A59A5F13-FE05-4FC0-A745-5F1F1C94E90D}.Release|ARM.Build.0 = Release|iPhone
		{A59A5F13-FE05-4FC0-A745-5F1F1C94E90D}.Release|ARM.Deploy.0 = Release|iPhone
		{A59A5F13-FE05-4FC0-A745-5F1F1C94E90D}.Release|iPhone.ActiveCfg = Release|iPhone
		{A59A5F13-FE05-4FC0-A745-5F1F1C94E90D}.Release|iPhone.Build.0 = Release|iPhone
		{A59A5F13-FE05-4FC0-A745-5F1F1C94E90D}.Release|iPhone.Deploy.0 = Release|iPhone
		{A59A5F13-FE05-4FC0-A745-5F1F1C94E90D}.Release|iPhoneSimulator.ActiveCfg = Release|iPhoneSimulator
		{A59A5F13-FE05-4FC0-A745-5F1F1C94E90D}.Release|iPhoneSimulator.Build.0 = Release|iPhoneSimulator
		{A59A5F13-FE05-4FC0-A745-5F1F1C94E90D}.Release|iPhoneSimulator.Deploy.0 = Release|iPhoneSimulator
		{A59A5F13-FE05-4FC0-A745-5F1F1C94E90D}.Release|x64.ActiveCfg = Release|iPhone
		{A59A5F13-FE05-4FC0-A745-5F1F1C94E90D}.Release|x64.Build.0 = Release|iPhone
		{A59A5F13-FE05-4FC0-A745-5F1F1C94E90D}.Release|x64.Deploy.0 = Release|iPhone
		{A59A5F13-FE05-4FC0-A745-5F1F1C94E90D}.Release|x86.ActiveCfg = Release|iPhone
		{A59A5F13-FE05-4FC0-A745-5F1F1C94E90D}.Release|x86.Build.0 = Release|iPhone
		{A59A5F13-FE05-4FC0-A745-5F1F1C94E90D}.Release|x86.Deploy.0 = Release|iPhone
		{EC415616-C13D-4D93-B675-769100F99A2F}.Debug|Any CPU.ActiveCfg = Debug|Any CPU
		{EC415616-C13D-4D93-B675-769100F99A2F}.Debug|Any CPU.Build.0 = Debug|Any CPU
		{EC415616-C13D-4D93-B675-769100F99A2F}.Debug|Any CPU.Deploy.0 = Debug|Any CPU
		{EC415616-C13D-4D93-B675-769100F99A2F}.Debug|ARM.ActiveCfg = Debug|Any CPU
		{EC415616-C13D-4D93-B675-769100F99A2F}.Debug|ARM.Build.0 = Debug|Any CPU
		{EC415616-C13D-4D93-B675-769100F99A2F}.Debug|ARM.Deploy.0 = Debug|Any CPU
		{EC415616-C13D-4D93-B675-769100F99A2F}.Debug|iPhone.ActiveCfg = Debug|Any CPU
		{EC415616-C13D-4D93-B675-769100F99A2F}.Debug|iPhone.Build.0 = Debug|Any CPU
		{EC415616-C13D-4D93-B675-769100F99A2F}.Debug|iPhone.Deploy.0 = Debug|Any CPU
		{EC415616-C13D-4D93-B675-769100F99A2F}.Debug|iPhoneSimulator.ActiveCfg = Debug|Any CPU
		{EC415616-C13D-4D93-B675-769100F99A2F}.Debug|iPhoneSimulator.Build.0 = Debug|Any CPU
		{EC415616-C13D-4D93-B675-769100F99A2F}.Debug|iPhoneSimulator.Deploy.0 = Debug|Any CPU
		{EC415616-C13D-4D93-B675-769100F99A2F}.Debug|x64.ActiveCfg = Debug|Any CPU
		{EC415616-C13D-4D93-B675-769100F99A2F}.Debug|x64.Build.0 = Debug|Any CPU
		{EC415616-C13D-4D93-B675-769100F99A2F}.Debug|x64.Deploy.0 = Debug|Any CPU
		{EC415616-C13D-4D93-B675-769100F99A2F}.Debug|x86.ActiveCfg = Debug|Any CPU
		{EC415616-C13D-4D93-B675-769100F99A2F}.Debug|x86.Build.0 = Debug|Any CPU
		{EC415616-C13D-4D93-B675-769100F99A2F}.Debug|x86.Deploy.0 = Debug|Any CPU
		{EC415616-C13D-4D93-B675-769100F99A2F}.Release|Any CPU.ActiveCfg = Release|Any CPU
		{EC415616-C13D-4D93-B675-769100F99A2F}.Release|Any CPU.Build.0 = Release|Any CPU
		{EC415616-C13D-4D93-B675-769100F99A2F}.Release|Any CPU.Deploy.0 = Release|Any CPU
		{EC415616-C13D-4D93-B675-769100F99A2F}.Release|ARM.ActiveCfg = Release|Any CPU
		{EC415616-C13D-4D93-B675-769100F99A2F}.Release|ARM.Build.0 = Release|Any CPU
		{EC415616-C13D-4D93-B675-769100F99A2F}.Release|ARM.Deploy.0 = Release|Any CPU
		{EC415616-C13D-4D93-B675-769100F99A2F}.Release|iPhone.ActiveCfg = Release|Any CPU
		{EC415616-C13D-4D93-B675-769100F99A2F}.Release|iPhone.Build.0 = Release|Any CPU
		{EC415616-C13D-4D93-B675-769100F99A2F}.Release|iPhone.Deploy.0 = Release|Any CPU
		{EC415616-C13D-4D93-B675-769100F99A2F}.Release|iPhoneSimulator.ActiveCfg = Release|Any CPU
		{EC415616-C13D-4D93-B675-769100F99A2F}.Release|iPhoneSimulator.Build.0 = Release|Any CPU
		{EC415616-C13D-4D93-B675-769100F99A2F}.Release|iPhoneSimulator.Deploy.0 = Release|Any CPU
		{EC415616-C13D-4D93-B675-769100F99A2F}.Release|x64.ActiveCfg = Release|Any CPU
		{EC415616-C13D-4D93-B675-769100F99A2F}.Release|x64.Build.0 = Release|Any CPU
		{EC415616-C13D-4D93-B675-769100F99A2F}.Release|x64.Deploy.0 = Release|Any CPU
		{EC415616-C13D-4D93-B675-769100F99A2F}.Release|x86.ActiveCfg = Release|Any CPU
		{EC415616-C13D-4D93-B675-769100F99A2F}.Release|x86.Build.0 = Release|Any CPU
		{EC415616-C13D-4D93-B675-769100F99A2F}.Release|x86.Deploy.0 = Release|Any CPU
	EndGlobalSection
	GlobalSection(SolutionProperties) = preSolution
		HideSolutionNode = FALSE
	EndGlobalSection
	GlobalSection(ExtensibilityGlobals) = postSolution
		SolutionGuid = {7CBD6649-ECCB-4AB9-BC83-7145CA2CBDF6}
	EndGlobalSection
EndGlobal
